
Microsoft Visual Studio Solution File, Format Version 12.00
# Visual Studio Version 16
VisualStudioVersion = 16.0.30114.105
MinimumVisualStudioVersion = 10.0.40219.1
Project("{FAE04EC0-301F-11D3-BF4B-00C04F79EFBC}") = "Blog.MassTransit.EFCore.Producer", "Blog.MassTransit.EFCore.Producer\Blog.MassTransit.EFCore.Producer.csproj", "{C29BBB0B-C535-4D45-A7F2-7583BF33BF0A}"
EndProject
Project("{FAE04EC0-301F-11D3-BF4B-00C04F79EFBC}") = "Blog.MassTransit.EFCore.Consumer", "Blog.MassTransit.EFCore.Consumer\Blog.MassTransit.EFCore.Consumer.csproj", "{95E180FA-E279-441C-ADEB-01145B50BBA6}"
EndProject
Project("{FAE04EC0-301F-11D3-BF4B-00C04F79EFBC}") = "Blog.MassTransit.EFCore.Data", "Blog.MassTransit.EFCore.Data\Blog.MassTransit.EFCore.Data.csproj", "{34AC71E5-EAA5-4DF7-8B15-7CD8D1C1F0F0}"
EndProject
Global
	GlobalSection(SolutionConfigurationPlatforms) = preSolution
		Debug|Any CPU = Debug|Any CPU
		Release|Any CPU = Release|Any CPU
	EndGlobalSection
	GlobalSection(SolutionProperties) = preSolution
		HideSolutionNode = FALSE
	EndGlobalSection
	GlobalSection(ProjectConfigurationPlatforms) = postSolution
		{C29BBB0B-C535-4D45-A7F2-7583BF33BF0A}.Debug|Any CPU.ActiveCfg = Debug|Any CPU
		{C29BBB0B-C535-4D45-A7F2-7583BF33BF0A}.Debug|Any CPU.Build.0 = Debug|Any CPU
		{C29BBB0B-C535-4D45-A7F2-7583BF33BF0A}.Release|Any CPU.ActiveCfg = Release|Any CPU
		{C29BBB0B-C535-4D45-A7F2-7583BF33BF0A}.Release|Any CPU.Build.0 = Release|Any CPU
		{95E180FA-E279-441C-ADEB-01145B50BBA6}.Debug|Any CPU.ActiveCfg = Debug|Any CPU
		{95E180FA-E279-441C-ADEB-01145B50BBA6}.Debug|Any CPU.Build.0 = Debug|Any CPU
		{95E180FA-E279-441C-ADEB-01145B50BBA6}.Release|Any CPU.ActiveCfg = Release|Any CPU
		{95E180FA-E279-441C-ADEB-01145B50BBA6}.Release|Any CPU.Build.0 = Release|Any CPU
		{34AC71E5-EAA5-4DF7-8B15-7CD8D1C1F0F0}.Debug|Any CPU.ActiveCfg = Debug|Any CPU
		{34AC71E5-EAA5-4DF7-8B15-7CD8D1C1F0F0}.Debug|Any CPU.Build.0 = Debug|Any CPU
		{34AC71E5-EAA5-4DF7-8B15-7CD8D1C1F0F0}.Release|Any CPU.ActiveCfg = Release|Any CPU
		{34AC71E5-EAA5-4DF7-8B15-7CD8D1C1F0F0}.Release|Any CPU.Build.0 = Release|Any CPU
	EndGlobalSection
EndGlobal
